Microsoft Visual Studio Solution File, Format Version 12.00
# Visual Studio Version 17
VisualStudioVersion = 17.5.2.0
MinimumVisualStudioVersion = 10.0.40219.1
Project("{FAE04EC0-301F-11D3-BF4B-00C04F79EFBC}") = "AnaliseCredito", "AnaliseCredito.csproj", "{B1354C7F-9EB0-FCC2-58AC-F0EB4A87B4BC}"
EndProject
Global
	GlobalSection(SolutionConfigurationPlatforms) = preSolution
		Debug|Any CPU = Debug|Any CPU
		Release|Any CPU = Release|Any CPU
	EndGlobalSection
	GlobalSection(ProjectConfigurationPlatforms) = postSolution
		{B1354C7F-9EB0-FCC2-58AC-F0EB4A87B4BC}.Debug|Any CPU.ActiveCfg = Debug|Any CPU
		{B1354C7F-9EB0-FCC2-58AC-F0EB4A87B4BC}.Debug|Any CPU.Build.0 = Debug|Any CPU
		{B1354C7F-9EB0-FCC2-58AC-F0EB4A87B4BC}.Release|Any CPU.ActiveCfg = Release|Any CPU
		{B1354C7F-9EB0-FCC2-58AC-F0EB4A87B4BC}.Release|Any CPU.Build.0 = Release|Any CPU
	EndGlobalSection
	GlobalSection(SolutionProperties) = preSolution
		HideSolutionNode = FALSE
	EndGlobalSection
	GlobalSection(ExtensibilityGlobals) = postSolution
		SolutionGuid = {1782214F-7CFB-45AC-B345-4B1A89CD60AE}
	EndGlobalSection
EndGlobal
